// !$*UTF8*$!
{
	archiveVersion = 1;
	classes = {
	};
	objectVersion = 56;
	objects = {

/* Begin PBXBuildFile section */
		CB3981F529DEE730002E27CF /* main.cpp in Sources */ = {isa = PBXBuildFile; fileRef = CB3981F429DEE730002E27CF /* main.cpp */; };
		CB3981FF29DF5897002E27CF /* Rabbit.cpp in Sources */ = {isa = PBXBuildFile; fileRef = CB3981FE29DF5897002E27CF /* Rabbit.cpp */; };
		CB39820129DF5D16002E27CF /* utilities.cpp in Sources */ = {isa = PBXBuildFile; fileRef = CB39820029DF5D16002E27CF /* utilities.cpp */; };
		CB39820329DFF716002E27CF /* Arena.cpp in Sources */ = {isa = PBXBuildFile; fileRef = CB39820229DFF716002E27CF /* Arena.cpp */; };
		CB39820529E00A1B002E27CF /* Player.cpp in Sources */ = {isa = PBXBuildFile; fileRef = CB39820429E00A1B002E27CF /* Player.cpp */; };
		CB39820729E00A7D002E27CF /* Game.cpp in Sources */ = {isa = PBXBuildFile; fileRef = CB39820629E00A7D002E27CF /* Game.cpp */; };
		CB39820A29E00B14002E27CF /* History.cpp in Sources */ = {isa = PBXBuildFile; fileRef = CB39820829E00B14002E27CF /* History.cpp */; };
/* End PBXBuildFile section */

/* Begin PBXCopyFilesBuildPhase section */
		CB3981DF29DE6610002E27CF /* CopyFiles */ = {
			isa = PBXCopyFilesBuildPhase;
			buildActionMask = 2147483647;
			dstPath = /usr/share/man/man1/;
			dstSubfolderSpec = 0;
			files = (
			);
			runOnlyForDeploymentPostprocessing = 1;
		};
/* End PBXCopyFilesBuildPhase section */

/* Begin PBXFileReference section */
		CB3981E129DE6610002E27CF /* Project 1 */ = {isa = PBXFileReference; explicitFileType = "compiled.mach-o.executable"; includeInIndex = 0; path = "Project 1"; sourceTree = BUILT_PRODUCTS_DIR; };
		CB3981F429DEE730002E27CF /* main.cpp */ = {isa = PBXFileReference; lastKnownFileType = sourcecode.cpp.cpp; path = main.cpp; sourceTree = "<group>"; };
		CB3981F629DEE88D002E27CF /* Rabbit.h */ = {isa = PBXFileReference; lastKnownFileType = sourcecode.c.h; path = Rabbit.h; sourceTree = "<group>"; };
		CB3981F729DF5045002E27CF /* Player.h */ = {isa = PBXFileReference; lastKnownFileType = sourcecode.c.h; path = Player.h; sourceTree = "<group>"; };
		CB3981F829DF5181002E27CF /* Arena.h */ = {isa = PBXFileReference; lastKnownFileType = sourcecode.c.h; path = Arena.h; sourceTree = "<group>"; };
		CB3981F929DF51C0002E27CF /* Game.h */ = {isa = PBXFileReference; lastKnownFileType = sourcecode.c.h; path = Game.h; sourceTree = "<group>"; };
		CB3981FA29DF5272002E27CF /* globals.h */ = {isa = PBXFileReference; lastKnownFileType = sourcecode.c.h; path = globals.h; sourceTree = "<group>"; };
		CB3981FE29DF5897002E27CF /* Rabbit.cpp */ = {isa = PBXFileReference; lastKnownFileType = sourcecode.cpp.cpp; path = Rabbit.cpp; sourceTree = "<group>"; };
		CB39820029DF5D16002E27CF /* utilities.cpp */ = {isa = PBXFileReference; lastKnownFileType = sourcecode.cpp.cpp; path = utilities.cpp; sourceTree = "<group>"; };
		CB39820229DFF716002E27CF /* Arena.cpp */ = {isa = PBXFileReference; lastKnownFileType = sourcecode.cpp.cpp; path = Arena.cpp; sourceTree = "<group>"; };
		CB39820429E00A1B002E27CF /* Player.cpp */ = {isa = PBXFileReference; lastKnownFileType = sourcecode.cpp.cpp; path = Player.cpp; sourceTree = "<group>"; };
		CB39820629E00A7D002E27CF /* Game.cpp */ = {isa = PBXFileReference; lastKnownFileType = sourcecode.cpp.cpp; path = Game.cpp; sourceTree = "<group>"; };
		CB39820829E00B14002E27CF /* History.cpp */ = {isa = PBXFileReference; lastKnownFileType = sourcecode.cpp.cpp; path = History.cpp; sourceTree = "<group>"; };
		CB39820929E00B14002E27CF /* History.h */ = {isa = PBXFileReference; lastKnownFileType = sourcecode.c.h; path = History.h; sourceTree = "<group>"; };
/* End PBXFileReference section */

/* Begin PBXFrameworksBuildPhase section */
		CB3981DE29DE6610002E27CF /* Frameworks */ = {
			isa = PBXFrameworksBuildPhase;
			buildActionMask = 2147483647;
			files = (
			);
			runOnlyForDeploymentPostprocessing = 0;
		};
/* End PBXFrameworksBuildPhase section */

/* Begin PBXGroup section */
		CB3981D829DE6610002E27CF = {
			isa = PBXGroup;
			children = (
				CB3981F429DEE730002E27CF /* main.cpp */,
				CB39820429E00A1B002E27CF /* Player.cpp */,
				CB39820229DFF716002E27CF /* Arena.cpp */,
				CB39820029DF5D16002E27CF /* utilities.cpp */,
				CB3981FE29DF5897002E27CF /* Rabbit.cpp */,
				CB39820629E00A7D002E27CF /* Game.cpp */,
				CB39820829E00B14002E27CF /* History.cpp */,
				CB39820929E00B14002E27CF /* History.h */,
				CB3981FA29DF5272002E27CF /* globals.h */,
				CB3981F929DF51C0002E27CF /* Game.h */,
				CB3981F829DF5181002E27CF /* Arena.h */,
				CB3981F729DF5045002E27CF /* Player.h */,
				CB3981F629DEE88D002E27CF /* Rabbit.h */,
				CB3981E229DE6610002E27CF /* Products */,
			);
			sourceTree = "<group>";
		};
		CB3981E229DE6610002E27CF /* Products */ = {
			isa = PBXGroup;
			children = (
				CB3981E129DE6610002E27CF /* Project 1 */,
			);
			name = Products;
			sourceTree = "<group>";
		};
/* End PBXGroup section */

/* Begin PBXNativeTarget section */
		CB3981E029DE6610002E27CF /* Project 1 */ = {
			isa = PBXNativeTarget;
			buildConfigurationList = CB3981E829DE6610002E27CF /* Build configuration list for PBXNativeTarget "Project 1" */;
			buildPhases = (
				CB3981DD29DE6610002E27CF /* Sources */,
				CB3981DE29DE6610002E27CF /* Frameworks */,
				CB3981DF29DE6610002E27CF /* CopyFiles */,
			);
			buildRules = (
			);
			dependencies = (
			);
			name = "Project 1";
			productName = "Project 1";
			productReference = CB3981E129DE6610002E27CF /* Project 1 */;
			productType = "com.apple.product-type.tool";
		};
/* End PBXNativeTarget section */

/* Begin PBXProject section */
		CB3981D929DE6610002E27CF /* Project object */ = {
			isa = PBXProject;
			attributes = {
				BuildIndependentTargetsInParallel = 1;
				LastUpgradeCheck = 1400;
				TargetAttributes = {
					CB3981E029DE6610002E27CF = {
						CreatedOnToolsVersion = 14.0;
					};
				};
			};
			buildConfigurationList = CB3981DC29DE6610002E27CF /* Build configuration list for PBXProject "Project 1" */;
			compatibilityVersion = "Xcode 14.0";
			developmentRegion = en;
			hasScannedForEncodings = 0;
			knownRegions = (
				en,
				Base,
			);
			mainGroup = CB3981D829DE6610002E27CF;
			productRefGroup = CB3981E229DE6610002E27CF /* Products */;
			projectDirPath = "";
			projectRoot = "";
			targets = (
				CB3981E029DE6610002E27CF /* Project 1 */,
			);
		};
/* End PBXProject section */

/* Begin PBXSourcesBuildPhase section */
		CB3981DD29DE6610002E27CF /* Sources */ = {
			isa = PBXSourcesBuildPhase;
			buildActionMask = 2147483647;
			files = (
				CB39820129DF5D16002E27CF /* utilities.cpp in Sources */,
				CB39820329DFF716002E27CF /* Arena.cpp in Sources */,
				CB3981F529DEE730002E27CF /* main.cpp in Sources */,
				CB39820729E00A7D002E27CF /* Game.cpp in Sources */,
				CB3981FF29DF5897002E27CF /* Rabbit.cpp in Sources */,
				CB39820529E00A1B002E27CF /* Player.cpp in Sources */,
				CB39820A29E00B14002E27CF /* History.cpp in Sources */,
			);
			runOnlyForDeploymentPostprocessing = 0;
		};
/* End PBXSourcesBuildPhase section */

/* Begin XCBuildConfiguration section */
		CB3981E629DE6610002E27CF /* Debug */ = {
			isa = XCBuildConfiguration;
			buildSettings = {
				ALWAYS_SEARCH_USER_PATHS = NO;
				CLANG_ANALYZER_NONNULL = YES;
				CLANG_ANALYZER_NUMBER_OBJECT_CONVERSION = YES_AGGRESSIVE;
				CLANG_CXX_LANGUAGE_STANDARD = "gnu++20";
				CLANG_ENABLE_MODULES = YES;
				CLANG_ENABLE_OBJC_ARC = YES;
				CLANG_ENABLE_OBJC_WEAK = YES;
				CLANG_WARN_BLOCK_CAPTURE_AUTORELEASING = YES;
				CLANG_WARN_BOOL_CONVERSION = YES;
				CLANG_WARN_COMMA = YES;
				CLANG_WARN_CONSTANT_CONVERSION = YES;
				CLANG_WARN_DEPRECATED_OBJC_IMPLEMENTATIONS = YES;
				CLANG_WARN_DIRECT_OBJC_ISA_USAGE = YES_ERROR;
				CLANG_WARN_DOCUMENTATION_COMMENTS = YES;
				CLANG_WARN_EMPTY_BODY = YES;
				CLANG_WARN_ENUM_CONVERSION = YES;
				CLANG_WARN_INFINITE_RECURSION = YES;
				CLANG_WARN_INT_CONVERSION = YES;
				CLANG_WARN_NON_LITERAL_NULL_CONVERSION = YES;
				CLANG_WARN_OBJC_IMPLICIT_RETAIN_SELF = YES;
				CLANG_WARN_OBJC_LITERAL_CONVERSION = YES;
				CLANG_WARN_OBJC_ROOT_CLASS = YES_ERROR;
				CLANG_WARN_QUOTED_INCLUDE_IN_FRAMEWORK_HEADER = YES;
				CLANG_WARN_RANGE_LOOP_ANALYSIS = YES;
				CLANG_WARN_STRICT_PROTOTYPES = YES;
				CLANG_WARN_SUSPICIOUS_MOVE = YES;
				CLANG_WARN_UNGUARDED_AVAILABILITY = YES_AGGRESSIVE;
				CLANG_WARN_UNREACHABLE_CODE = YES;
				CLANG_WARN__DUPLICATE_METHOD_MATCH = YES;
				COPY_PHASE_STRIP = NO;
				DEBUG_INFORMATION_FORMAT = dwarf;
				ENABLE_STRICT_OBJC_MSGSEND = YES;
				ENABLE_TESTABILITY = YES;
				GCC_C_LANGUAGE_STANDARD = gnu11;
				GCC_DYNAMIC_NO_PIC = NO;
				GCC_NO_COMMON_BLOCKS = YES;
				GCC_OPTIMIZATION_LEVEL = 0;
				GCC_PREPROCESSOR_DEFINITIONS = (
					"DEBUG=1",
					"$(inherited)",
				);
				GCC_WARN_64_TO_32_BIT_CONVERSION = YES;
				GCC_WARN_ABOUT_RETURN_TYPE = YES_ERROR;
				GCC_WARN_UNDECLARED_SELECTOR = YES;
				GCC_WARN_UNINITIALIZED_AUTOS = YES_AGGRESSIVE;
				GCC_WARN_UNUSED_FUNCTION = YES;
				GCC_WARN_UNUSED_VARIABLE = YES;
				MACOSX_DEPLOYMENT_TARGET = 12.3;
				MTL_ENABLE_DEBUG_INFO = INCLUDE_SOURCE;
				MTL_FAST_MATH = YES;
				ONLY_ACTIVE_ARCH = YES;
				SDKROOT = macosx;
			};
			name = Debug;
		};
		CB3981E729DE6610002E27CF /* Release */ = {
			isa = XCBuildConfiguration;
			buildSettings = {
				ALWAYS_SEARCH_USER_PATHS = NO;
				CLANG_ANALYZER_NONNULL = YES;
				CLANG_ANALYZER_NUMBER_OBJECT_CONVERSION = YES_AGGRESSIVE;
				CLANG_CXX_LANGUAGE_STANDARD = "gnu++20";
				CLANG_ENABLE_MODULES = YES;
				CLANG_ENABLE_OBJC_ARC = YES;
				CLANG_ENABLE_OBJC_WEAK = YES;
				CLANG_WARN_BLOCK_CAPTURE_AUTORELEASING = YES;
				CLANG_WARN_BOOL_CONVERSION = YES;
				CLANG_WARN_COMMA = YES;
				CLANG_WARN_CONSTANT_CONVERSION = YES;
				CLANG_WARN_DEPRECATED_OBJC_IMPLEMENTATIONS = YES;
				CLANG_WARN_DIRECT_OBJC_ISA_USAGE = YES_ERROR;
				CLANG_WARN_DOCUMENTATION_COMMENTS = YES;
				CLANG_WARN_EMPTY_BODY = YES;
				CLANG_WARN_ENUM_CONVERSION = YES;
				CLANG_WARN_INFINITE_RECURSION = YES;
				CLANG_WARN_INT_CONVERSION = YES;
				CLANG_WARN_NON_LITERAL_NULL_CONVERSION = YES;
				CLANG_WARN_OBJC_IMPLICIT_RETAIN_SELF = YES;
				CLANG_WARN_OBJC_LITERAL_CONVERSION = YES;
				CLANG_WARN_OBJC_ROOT_CLASS = YES_ERROR;
				CLANG_WARN_QUOTED_INCLUDE_IN_FRAMEWORK_HEADER = YES;
				CLANG_WARN_RANGE_LOOP_ANALYSIS = YES;
				CLANG_WARN_STRICT_PROTOTYPES = YES;
				CLANG_WARN_SUSPICIOUS_MOVE = YES;
				CLANG_WARN_UNGUARDED_AVAILABILITY = YES_AGGRESSIVE;
				CLANG_WARN_UNREACHABLE_CODE = YES;
				CLANG_WARN__DUPLICATE_METHOD_MATCH = YES;
				COPY_PHASE_STRIP = NO;
				DEBUG_INFORMATION_FORMAT = "dwarf-with-dsym";
				ENABLE_NS_ASSERTIONS = NO;
				ENABLE_STRICT_OBJC_MSGSEND = YES;
				GCC_C_LANGUAGE_STANDARD = gnu11;
				GCC_NO_COMMON_BLOCKS = YES;
				GCC_WARN_64_TO_32_BIT_CONVERSION = YES;
				GCC_WARN_ABOUT_RETURN_TYPE = YES_ERROR;
				GCC_WARN_UNDECLARED_SELECTOR = YES;
				GCC_WARN_UNINITIALIZED_AUTOS = YES_AGGRESSIVE;
				GCC_WARN_UNUSED_FUNCTION = YES;
				GCC_WARN_UNUSED_VARIABLE = YES;
				MACOSX_DEPLOYMENT_TARGET = 12.3;
				MTL_ENABLE_DEBUG_INFO = NO;
				MTL_FAST_MATH = YES;
				SDKROOT = macosx;
			};
			name = Release;
		};
		CB3981E929DE6610002E27CF /* Debug */ = {
			isa = XCBuildConfiguration;
			buildSettings = {
				CODE_SIGN_STYLE = Automatic;
				PRODUCT_NAME = "$(TARGET_NAME)";
			};
			name = Debug;
		};
		CB3981EA29DE6610002E27CF /* Release */ = {
			isa = XCBuildConfiguration;
			buildSettings = {
				CODE_SIGN_STYLE = Automatic;
				PRODUCT_NAME = "$(TARGET_NAME)";
			};
			name = Release;
		};
/* End XCBuildConfiguration section */

/* Begin XCConfigurationList section */
		CB3981DC29DE6610002E27CF /* Build configuration list for PBXProject "Project 1" */ = {
			isa = XCConfigurationList;
			buildConfigurations = (
				CB3981E629DE6610002E27CF /* Debug */,
				CB3981E729DE6610002E27CF /* Release */,
			);
			defaultConfigurationIsVisible = 0;
			defaultConfigurationName = Release;
		};
		CB3981E829DE6610002E27CF /* Build configuration list for PBXNativeTarget "Project 1" */ = {
			isa = XCConfigurationList;
			buildConfigurations = (
				CB3981E929DE6610002E27CF /* Debug */,
				CB3981EA29DE6610002E27CF /* Release */,
			);
			defaultConfigurationIsVisible = 0;
			defaultConfigurationName = Release;
		};
/* End XCConfigurationList section */
	};
	rootObject = CB3981D929DE6610002E27CF /* Project object */;
}
